// !$*UTF8*$!
{
	archiveVersion = 1;
	classes = {
	};
	objectVersion = 55;
	objects = {

/* Begin PBXBuildFile section */
		9135005628F36D3A00F008E1 /* GoogleService-Info.plist in Resources */ = {isa = PBXBuildFile; fileRef = 9135005528F36D3A00F008E1 /* GoogleService-Info.plist */; };
		9135005928F36EEC00F008E1 /* FirebaseAuth in Frameworks */ = {isa = PBXBuildFile; productRef = 9135005828F36EEC00F008E1 /* FirebaseAuth */; };
		9135005B28F36EEC00F008E1 /* FirebaseFirestore in Frameworks */ = {isa = PBXBuildFile; productRef = 9135005A28F36EEC00F008E1 /* FirebaseFirestore */; };
		9135005D28F377CF00F008E1 /* K.swift in Sources */ = {isa = PBXBuildFile; fileRef = 9135005C28F377CF00F008E1 /* K.swift */; };
		9135006428F37F7600F008E1 /* MessageCell.swift in Sources */ = {isa = PBXBuildFile; fileRef = 9135006228F37F7600F008E1 /* MessageCell.swift */; };
		9135006528F37F7600F008E1 /* MessageCell.xib in Resources */ = {isa = PBXBuildFile; fileRef = 9135006328F37F7600F008E1 /* MessageCell.xib */; };
		9135006A28F38DDC00F008E1 /* IQKeyboardManagerSwift in Frameworks */ = {isa = PBXBuildFile; productRef = 9135006928F38DDC00F008E1 /* IQKeyboardManagerSwift */; };
		915833F228F09C7000E2A781 /* RegisterViewController.swift in Sources */ = {isa = PBXBuildFile; fileRef = 915833F128F09C7000E2A781 /* RegisterViewController.swift */; };
		915833F428F0A1AB00E2A781 /* LoginViewController.swift in Sources */ = {isa = PBXBuildFile; fileRef = 915833F328F0A1AB00E2A781 /* LoginViewController.swift */; };
		915833F628F0C47A00E2A781 /* Assets.xcassets in Resources */ = {isa = PBXBuildFile; fileRef = 915833F528F0C47A00E2A781 /* Assets.xcassets */; };
		915833F828F0C9BB00E2A781 /* ChatViewController.swift in Sources */ = {isa = PBXBuildFile; fileRef = 915833F728F0C9BB00E2A781 /* ChatViewController.swift */; };
		9168E9EC28DB4FB100E7162D /* AppDelegate.swift in Sources */ = {isa = PBXBuildFile; fileRef = 9168E9EB28DB4FB100E7162D /* AppDelegate.swift */; };
		9168E9EE28DB4FB100E7162D /* SceneDelegate.swift in Sources */ = {isa = PBXBuildFile; fileRef = 9168E9ED28DB4FB100E7162D /* SceneDelegate.swift */; };
		9168E9F028DB4FB100E7162D /* WelcomeViewController.swift in Sources */ = {isa = PBXBuildFile; fileRef = 9168E9EF28DB4FB100E7162D /* WelcomeViewController.swift */; };
		9168E9F328DB4FB100E7162D /* Main.storyboard in Resources */ = {isa = PBXBuildFile; fileRef = 9168E9F128DB4FB100E7162D /* Main.storyboard */; };
		9168E9F828DB4FB400E7162D /* LaunchScreen.storyboard in Resources */ = {isa = PBXBuildFile; fileRef = 9168E9F628DB4FB400E7162D /* LaunchScreen.storyboard */; };
		9168EA0328DB520900E7162D /* Message.swift in Sources */ = {isa = PBXBuildFile; fileRef = 9168EA0228DB520900E7162D /* Message.swift */; };
		C6DA7F91E9A84244F48F2E30 /* Pods_FireChat.framework in Frameworks */ = {isa = PBXBuildFile; fileRef = 79A5C2216C0581E25D9C5910 /* Pods_FireChat.framework */; };
/* End PBXBuildFile section */

/* Begin PBXFileReference section */
		79A5C2216C0581E25D9C5910 /* Pods_FireChat.framework */ = {isa = PBXFileReference; explicitFileType = wrapper.framework; includeInIndex = 0; path = Pods_FireChat.framework; sourceTree = BUILT_PRODUCTS_DIR; };
		9135005528F36D3A00F008E1 /* GoogleService-Info.plist */ = {isa = PBXFileReference; fileEncoding = 4; lastKnownFileType = text.plist.xml; path = "GoogleService-Info.plist"; sourceTree = "<group>"; };
		9135005C28F377CF00F008E1 /* K.swift */ = {isa = PBXFileReference; lastKnownFileType = sourcecode.swift; path = K.swift; sourceTree = "<group>"; };
		9135006228F37F7600F008E1 /* MessageCell.swift */ = {isa = PBXFileReference; lastKnownFileType = sourcecode.swift; path = MessageCell.swift; sourceTree = "<group>"; };
		9135006328F37F7600F008E1 /* MessageCell.xib */ = {isa = PBXFileReference; lastKnownFileType = file.xib; path = MessageCell.xib; sourceTree = "<group>"; };
		915833F128F09C7000E2A781 /* RegisterViewController.swift */ = {isa = PBXFileReference; lastKnownFileType = sourcecode.swift; path = RegisterViewController.swift; sourceTree = "<group>"; };
		915833F328F0A1AB00E2A781 /* LoginViewController.swift */ = {isa = PBXFileReference; lastKnownFileType = sourcecode.swift; path = LoginViewController.swift; sourceTree = "<group>"; };
		915833F528F0C47A00E2A781 /* Assets.xcassets */ = {isa = PBXFileReference; lastKnownFileType = folder.assetcatalog; name = Assets.xcassets; path = FireChat/Assets.xcassets; sourceTree = SOURCE_ROOT; };
		915833F728F0C9BB00E2A781 /* ChatViewController.swift */ = {isa = PBXFileReference; lastKnownFileType = sourcecode.swift; path = ChatViewController.swift; sourceTree = "<group>"; };
		9168E9E828DB4FB100E7162D /* FireChat.app */ = {isa = PBXFileReference; explicitFileType = wrapper.application; includeInIndex = 0; path = FireChat.app; sourceTree = BUILT_PRODUCTS_DIR; };
		9168E9EB28DB4FB100E7162D /* AppDelegate.swift */ = {isa = PBXFileReference; lastKnownFileType = sourcecode.swift; path = AppDelegate.swift; sourceTree = "<group>"; };
		9168E9ED28DB4FB100E7162D /* SceneDelegate.swift */ = {isa = PBXFileReference; lastKnownFileType = sourcecode.swift; path = SceneDelegate.swift; sourceTree = "<group>"; };
		9168E9EF28DB4FB100E7162D /* WelcomeViewController.swift */ = {isa = PBXFileReference; lastKnownFileType = sourcecode.swift; path = WelcomeViewController.swift; sourceTree = "<group>"; };
		9168E9F228DB4FB100E7162D /* Base */ = {isa = PBXFileReference; lastKnownFileType = file.storyboard; name = Base; path = Base.lproj/Main.storyboard; sourceTree = "<group>"; };
		9168E9F728DB4FB400E7162D /* Base */ = {isa = PBXFileReference; lastKnownFileType = file.storyboard; name = Base; path = Base.lproj/LaunchScreen.storyboard; sourceTree = "<group>"; };
		9168E9F928DB4FB400E7162D /* Info.plist */ = {isa = PBXFileReference; lastKnownFileType = text.plist.xml; path = Info.plist; sourceTree = "<group>"; };
		9168EA0228DB520900E7162D /* Message.swift */ = {isa = PBXFileReference; lastKnownFileType = sourcecode.swift; path = Message.swift; sourceTree = "<group>"; };
		9B4ED6BC39509C69426F94EA /* Pods-FireChat.debug.xcconfig */ = {isa = PBXFileReference; includeInIndex = 1; lastKnownFileType = text.xcconfig; name = "Pods-FireChat.debug.xcconfig"; path = "Target Support Files/Pods-FireChat/Pods-FireChat.debug.xcconfig"; sourceTree = "<group>"; };
		ACC35D3B4B6785ED8BD9D87B /* Pods-FireChat.release.xcconfig */ = {isa = PBXFileReference; includeInIndex = 1; lastKnownFileType = text.xcconfig; name = "Pods-FireChat.release.xcconfig"; path = "Target Support Files/Pods-FireChat/Pods-FireChat.release.xcconfig"; sourceTree = "<group>"; };
/* End PBXFileReference section */

/* Begin PBXFrameworksBuildPhase section */
		9168E9E528DB4FB100E7162D /* Frameworks */ = {
			isa = PBXFrameworksBuildPhase;
			buildActionMask = 2147483647;
			files = (
				C6DA7F91E9A84244F48F2E30 /* Pods_FireChat.framework in Frameworks */,
				9135006A28F38DDC00F008E1 /* IQKeyboardManagerSwift in Frameworks */,
				9135005928F36EEC00F008E1 /* FirebaseAuth in Frameworks */,
				9135005B28F36EEC00F008E1 /* FirebaseFirestore in Frameworks */,
			);
			runOnlyForDeploymentPostprocessing = 0;
		};
/* End PBXFrameworksBuildPhase section */

/* Begin PBXGroup section */
		75A3B1FBA4B4D9CD6C17350B /* Frameworks */ = {
			isa = PBXGroup;
			children = (
				79A5C2216C0581E25D9C5910 /* Pods_FireChat.framework */,
			);
			name = Frameworks;
			sourceTree = "<group>";
		};
		9168E9DF28DB4FB100E7162D = {
			isa = PBXGroup;
			children = (
				9168E9EA28DB4FB100E7162D /* FireChat */,
				9168E9E928DB4FB100E7162D /* Products */,
				CEF169E7295EE9A73959690E /* Pods */,
				75A3B1FBA4B4D9CD6C17350B /* Frameworks */,
			);
			sourceTree = "<group>";
		};
		9168E9E928DB4FB100E7162D /* Products */ = {
			isa = PBXGroup;
			children = (
				9168E9E828DB4FB100E7162D /* FireChat.app */,
			);
			name = Products;
			sourceTree = "<group>";
		};
		9168E9EA28DB4FB100E7162D /* FireChat */ = {
			isa = PBXGroup;
			children = (
				9168E9EB28DB4FB100E7162D /* AppDelegate.swift */,
				9168E9ED28DB4FB100E7162D /* SceneDelegate.swift */,
				9168E9FF28DB50A200E7162D /* Model */,
				9168EA0028DB50B400E7162D /* Views */,
				9168EA0128DB50D600E7162D /* Controllers */,
				9135005C28F377CF00F008E1 /* K.swift */,
				9168E9F628DB4FB400E7162D /* LaunchScreen.storyboard */,
				915833F528F0C47A00E2A781 /* Assets.xcassets */,
				9168E9F928DB4FB400E7162D /* Info.plist */,
				9135005528F36D3A00F008E1 /* GoogleService-Info.plist */,
			);
			path = FireChat;
			sourceTree = "<group>";
		};
		9168E9FF28DB50A200E7162D /* Model */ = {
			isa = PBXGroup;
			children = (
				9168EA0228DB520900E7162D /* Message.swift */,
			);
			path = Model;
			sourceTree = "<group>";
		};
		9168EA0028DB50B400E7162D /* Views */ = {
			isa = PBXGroup;
			children = (
				9168E9F128DB4FB100E7162D /* Main.storyboard */,
				9135006228F37F7600F008E1 /* MessageCell.swift */,
				9135006328F37F7600F008E1 /* MessageCell.xib */,
			);
			path = Views;
			sourceTree = "<group>";
		};
		9168EA0128DB50D600E7162D /* Controllers */ = {
			isa = PBXGroup;
			children = (
				9168E9EF28DB4FB100E7162D /* WelcomeViewController.swift */,
				915833F128F09C7000E2A781 /* RegisterViewController.swift */,
				915833F328F0A1AB00E2A781 /* LoginViewController.swift */,
				915833F728F0C9BB00E2A781 /* ChatViewController.swift */,
			);
			path = Controllers;
			sourceTree = "<group>";
		};
		CEF169E7295EE9A73959690E /* Pods */ = {
			isa = PBXGroup;
			children = (
				9B4ED6BC39509C69426F94EA /* Pods-FireChat.debug.xcconfig */,
				ACC35D3B4B6785ED8BD9D87B /* Pods-FireChat.release.xcconfig */,
			);
			path = Pods;
			sourceTree = "<group>";
		};
/* End PBXGroup section */

/* Begin PBXNativeTarget section */
		9168E9E728DB4FB100E7162D /* FireChat */ = {
			isa = PBXNativeTarget;
			buildConfigurationList = 9168E9FC28DB4FB400E7162D /* Build configuration list for PBXNativeTarget "FireChat" */;
			buildPhases = (
				324F5140E275A34CBC23D3D7 /* [CP] Check Pods Manifest.lock */,
				9168E9E428DB4FB100E7162D /* Sources */,
				9168E9E528DB4FB100E7162D /* Frameworks */,
				9168E9E628DB4FB100E7162D /* Resources */,
				A7E884CE80A4132FD4E08928 /* [CP] Embed Pods Frameworks */,
			);
			buildRules = (
			);
			dependencies = (
			);
			name = FireChat;
			packageProductDependencies = (
				9135005828F36EEC00F008E1 /* FirebaseAuth */,
				9135005A28F36EEC00F008E1 /* FirebaseFirestore */,
				9135006928F38DDC00F008E1 /* IQKeyboardManagerSwift */,
			);
			productName = FireChat;
			productReference = 9168E9E828DB4FB100E7162D /* FireChat.app */;
			productType = "com.apple.product-type.application";
		};
/* End PBXNativeTarget section */

/* Begin PBXProject section */
		9168E9E028DB4FB100E7162D /* Project object */ = {
			isa = PBXProject;
			attributes = {
				BuildIndependentTargetsInParallel = 1;
				LastSwiftUpdateCheck = 1400;
				LastUpgradeCheck = 1400;
				TargetAttributes = {
					9168E9E728DB4FB100E7162D = {
						CreatedOnToolsVersion = 14.0;
					};
				};
			};
			buildConfigurationList = 9168E9E328DB4FB100E7162D /* Build configuration list for PBXProject "FireChat" */;
			compatibilityVersion = "Xcode 13.0";
			developmentRegion = en;
			hasScannedForEncodings = 0;
			knownRegions = (
				en,
				Base,
			);
			mainGroup = 9168E9DF28DB4FB100E7162D;
			packageReferences = (
				9135005728F36EEC00F008E1 /* XCRemoteSwiftPackageReference "firebase-ios-sdk" */,
				9135006828F38DDC00F008E1 /* XCRemoteSwiftPackageReference "IQKeyboardManager" */,
			);
			productRefGroup = 9168E9E928DB4FB100E7162D /* Products */;
			projectDirPath = "";
			projectRoot = "";
			targets = (
				9168E9E728DB4FB100E7162D /* FireChat */,
			);
		};
/* End PBXProject section */

/* Begin PBXResourcesBuildPhase section */
		9168E9E628DB4FB100E7162D /* Resources */ = {
			isa = PBXResourcesBuildPhase;
			buildActionMask = 2147483647;
			files = (
				9135006528F37F7600F008E1 /* MessageCell.xib in Resources */,
				9168E9F828DB4FB400E7162D /* LaunchScreen.storyboard in Resources */,
				9135005628F36D3A00F008E1 /* GoogleService-Info.plist in Resources */,
				915833F628F0C47A00E2A781 /* Assets.xcassets in Resources */,
				9168E9F328DB4FB100E7162D /* Main.storyboard in Resources */,
			);
			runOnlyForDeploymentPostprocessing = 0;
		};
/* End PBXResourcesBuildPhase section */

/* Begin PBXShellScriptBuildPhase section */
		324F5140E275A34CBC23D3D7 /* [CP] Check Pods Manifest.lock */ = {
			isa = PBXShellScriptBuildPhase;
			buildActionMask = 2147483647;
			files = (
			);
			inputFileListPaths = (
			);
			inputPaths = (
				"${PODS_PODFILE_DIR_PATH}/Podfile.lock",
				"${PODS_ROOT}/Manifest.lock",
			);
			name = "[CP] Check Pods Manifest.lock";
			outputFileListPaths = (
			);
			outputPaths = (
				"$(DERIVED_FILE_DIR)/Pods-FireChat-checkManifestLockResult.txt",
			);
			runOnlyForDeploymentPostprocessing = 0;
			shellPath = /bin/sh;
			shellScript = "diff \"${PODS_PODFILE_DIR_PATH}/Podfile.lock\" \"${PODS_ROOT}/Manifest.lock\" > /dev/null\nif [ $? != 0 ] ; then\n    # print error to STDERR\n    echo \"error: The sandbox is not in sync with the Podfile.lock. Run 'pod install' or update your CocoaPods installation.\" >&2\n    exit 1\nfi\n# This output is used by Xcode 'outputs' to avoid re-running this script phase.\necho \"SUCCESS\" > \"${SCRIPT_OUTPUT_FILE_0}\"\n";
			showEnvVarsInLog = 0;
		};
		A7E884CE80A4132FD4E08928 /* [CP] Embed Pods Frameworks */ = {
			isa = PBXShellScriptBuildPhase;
			buildActionMask = 2147483647;
			files = (
			);
			inputFileListPaths = (
				"${PODS_ROOT}/Target Support Files/Pods-FireChat/Pods-FireChat-frameworks-${CONFIGURATION}-input-files.xcfilelist",
			);
			name = "[CP] Embed Pods Frameworks";
			outputFileListPaths = (
				"${PODS_ROOT}/Target Support Files/Pods-FireChat/Pods-FireChat-frameworks-${CONFIGURATION}-output-files.xcfilelist",
			);
			runOnlyForDeploymentPostprocessing = 0;
			shellPath = /bin/sh;
			shellScript = "\"${PODS_ROOT}/Target Support Files/Pods-FireChat/Pods-FireChat-frameworks.sh\"\n";
			showEnvVarsInLog = 0;
		};
/* End PBXShellScriptBuildPhase section */

/* Begin PBXSourcesBuildPhase section */
		9168E9E428DB4FB100E7162D /* Sources */ = {
			isa = PBXSourcesBuildPhase;
			buildActionMask = 2147483647;
			files = (
				915833F428F0A1AB00E2A781 /* LoginViewController.swift in Sources */,
				9168E9F028DB4FB100E7162D /* WelcomeViewController.swift in Sources */,
				915833F228F09C7000E2A781 /* RegisterViewController.swift in Sources */,
				915833F828F0C9BB00E2A781 /* ChatViewController.swift in Sources */,
				9168EA0328DB520900E7162D /* Message.swift in Sources */,
				9135005D28F377CF00F008E1 /* K.swift in Sources */,
				9168E9EC28DB4FB100E7162D /* AppDelegate.swift in Sources */,
				9168E9EE28DB4FB100E7162D /* SceneDelegate.swift in Sources */,
				9135006428F37F7600F008E1 /* MessageCell.swift in Sources */,
			);
			runOnlyForDeploymentPostprocessing = 0;
		};
/* End PBXSourcesBuildPhase section */

/* Begin PBXVariantGroup section */
		9168E9F128DB4FB100E7162D /* Main.storyboard */ = {
			isa = PBXVariantGroup;
			children = (
				9168E9F228DB4FB100E7162D /* Base */,
			);
			name = Main.storyboard;
			sourceTree = "<group>";
		};
		9168E9F628DB4FB400E7162D /* LaunchScreen.storyboard */ = {
			isa = PBXVariantGroup;
			children = (
				9168E9F728DB4FB400E7162D /* Base */,
			);
			name = LaunchScreen.storyboard;
			sourceTree = "<group>";
		};
/* End PBXVariantGroup section */

/* Begin XCBuildConfiguration section */
		9168E9FA28DB4FB400E7162D /* Debug */ = {
			isa = XCBuildConfiguration;
			buildSettings = {
				ALWAYS_SEARCH_USER_PATHS = NO;
				CLANG_ANALYZER_NONNULL = YES;
				CLANG_ANALYZER_NUMBER_OBJECT_CONVERSION = YES_AGGRESSIVE;
				CLANG_CXX_LANGUAGE_STANDARD = "gnu++20";
				CLANG_ENABLE_MODULES = YES;
				CLANG_ENABLE_OBJC_ARC = YES;
				CLANG_ENABLE_OBJC_WEAK = YES;
				CLANG_WARN_BLOCK_CAPTURE_AUTORELEASING = YES;
				CLANG_WARN_BOOL_CONVERSION = YES;
				CLANG_WARN_COMMA = YES;
				CLANG_WARN_CONSTANT_CONVERSION = YES;
				CLANG_WARN_DEPRECATED_OBJC_IMPLEMENTATIONS = YES;
				CLANG_WARN_DIRECT_OBJC_ISA_USAGE = YES_ERROR;
				CLANG_WARN_DOCUMENTATION_COMMENTS = YES;
				CLANG_WARN_EMPTY_BODY = YES;
				CLANG_WARN_ENUM_CONVERSION = YES;
				CLANG_WARN_INFINITE_RECURSION = YES;
				CLANG_WARN_INT_CONVERSION = YES;
				CLANG_WARN_NON_LITERAL_NULL_CONVERSION = YES;
				CLANG_WARN_OBJC_IMPLICIT_RETAIN_SELF = YES;
				CLANG_WARN_OBJC_LITERAL_CONVERSION = YES;
				CLANG_WARN_OBJC_ROOT_CLASS = YES_ERROR;
				CLANG_WARN_QUOTED_INCLUDE_IN_FRAMEWORK_HEADER = YES;
				CLANG_WARN_RANGE_LOOP_ANALYSIS = YES;
				CLANG_WARN_STRICT_PROTOTYPES = YES;
				CLANG_WARN_SUSPICIOUS_MOVE = YES;
				CLANG_WARN_UNGUARDED_AVAILABILITY = YES_AGGRESSIVE;
				CLANG_WARN_UNREACHABLE_CODE = YES;
				CLANG_WARN__DUPLICATE_METHOD_MATCH = YES;
				COPY_PHASE_STRIP = NO;
				DEBUG_INFORMATION_FORMAT = dwarf;
				ENABLE_STRICT_OBJC_MSGSEND = YES;
				ENABLE_TESTABILITY = YES;
				GCC_C_LANGUAGE_STANDARD = gnu11;
				GCC_DYNAMIC_NO_PIC = NO;
				GCC_NO_COMMON_BLOCKS = YES;
				GCC_OPTIMIZATION_LEVEL = 0;
				GCC_PREPROCESSOR_DEFINITIONS = (
					"DEBUG=1",
					"$(inherited)",
				);
				GCC_WARN_64_TO_32_BIT_CONVERSION = YES;
				GCC_WARN_ABOUT_RETURN_TYPE = YES_ERROR;
				GCC_WARN_UNDECLARED_SELECTOR = YES;
				GCC_WARN_UNINITIALIZED_AUTOS = YES_AGGRESSIVE;
				GCC_WARN_UNUSED_FUNCTION = YES;
				GCC_WARN_UNUSED_VARIABLE = YES;
				IPHONEOS_DEPLOYMENT_TARGET = 16.0;
				MTL_ENABLE_DEBUG_INFO = INCLUDE_SOURCE;
				MTL_FAST_MATH = YES;
				ONLY_ACTIVE_ARCH = YES;
				SDKROOT = iphoneos;
				SWIFT_ACTIVE_COMPILATION_CONDITIONS = DEBUG;
				SWIFT_OPTIMIZATION_LEVEL = "-Onone";
			};
			name = Debug;
		};
		9168E9FB28DB4FB400E7162D /* Release */ = {
			isa = XCBuildConfiguration;
			buildSettings = {
				ALWAYS_SEARCH_USER_PATHS = NO;
				CLANG_ANALYZER_NONNULL = YES;
				CLANG_ANALYZER_NUMBER_OBJECT_CONVERSION = YES_AGGRESSIVE;
				CLANG_CXX_LANGUAGE_STANDARD = "gnu++20";
				CLANG_ENABLE_MODULES = YES;
				CLANG_ENABLE_OBJC_ARC = YES;
				CLANG_ENABLE_OBJC_WEAK = YES;
				CLANG_WARN_BLOCK_CAPTURE_AUTORELEASING = YES;
				CLANG_WARN_BOOL_CONVERSION = YES;
				CLANG_WARN_COMMA = YES;
				CLANG_WARN_CONSTANT_CONVERSION = YES;
				CLANG_WARN_DEPRECATED_OBJC_IMPLEMENTATIONS = YES;
				CLANG_WARN_DIRECT_OBJC_ISA_USAGE = YES_ERROR;
				CLANG_WARN_DOCUMENTATION_COMMENTS = YES;
				CLANG_WARN_EMPTY_BODY = YES;
				CLANG_WARN_ENUM_CONVERSION = YES;
				CLANG_WARN_INFINITE_RECURSION = YES;
				CLANG_WARN_INT_CONVERSION = YES;
				CLANG_WARN_NON_LITERAL_NULL_CONVERSION = YES;
				CLANG_WARN_OBJC_IMPLICIT_RETAIN_SELF = YES;
				CLANG_WARN_OBJC_LITERAL_CONVERSION = YES;
				CLANG_WARN_OBJC_ROOT_CLASS = YES_ERROR;
				CLANG_WARN_QUOTED_INCLUDE_IN_FRAMEWORK_HEADER = YES;
				CLANG_WARN_RANGE_LOOP_ANALYSIS = YES;
				CLANG_WARN_STRICT_PROTOTYPES = YES;
				CLANG_WARN_SUSPICIOUS_MOVE = YES;
				CLANG_WARN_UNGUARDED_AVAILABILITY = YES_AGGRESSIVE;
				CLANG_WARN_UNREACHABLE_CODE = YES;
				CLANG_WARN__DUPLICATE_METHOD_MATCH = YES;
				COPY_PHASE_STRIP = NO;
				DEBUG_INFORMATION_FORMAT = "dwarf-with-dsym";
				ENABLE_NS_ASSERTIONS = NO;
				ENABLE_STRICT_OBJC_MSGSEND = YES;
				GCC_C_LANGUAGE_STANDARD = gnu11;
				GCC_NO_COMMON_BLOCKS = YES;
				GCC_WARN_64_TO_32_BIT_CONVERSION = YES;
				GCC_WARN_ABOUT_RETURN_TYPE = YES_ERROR;
				GCC_WARN_UNDECLARED_SELECTOR = YES;
				GCC_WARN_UNINITIALIZED_AUTOS = YES_AGGRESSIVE;
				GCC_WARN_UNUSED_FUNCTION = YES;
				GCC_WARN_UNUSED_VARIABLE = YES;
				IPHONEOS_DEPLOYMENT_TARGET = 16.0;
				MTL_ENABLE_DEBUG_INFO = NO;
				MTL_FAST_MATH = YES;
				SDKROOT = iphoneos;
				SWIFT_COMPILATION_MODE = wholemodule;
				SWIFT_OPTIMIZATION_LEVEL = "-O";
				VALIDATE_PRODUCT = YES;
			};
			name = Release;
		};
		9168E9FD28DB4FB400E7162D /* Debug */ = {
			isa = XCBuildConfiguration;
			baseConfigurationReference = 9B4ED6BC39509C69426F94EA /* Pods-FireChat.debug.xcconfig */;
			buildSettings = {
				ASSETCATALOG_COMPILER_APPICON_NAME = AppIcon;
				ASSETCATALOG_COMPILER_GLOBAL_ACCENT_COLOR_NAME = AccentColor;
				CODE_SIGN_STYLE = Automatic;
				CURRENT_PROJECT_VERSION = 1;
				DEVELOPMENT_TEAM = 5D6XJW6V7P;
				GENERATE_INFOPLIST_FILE = YES;
				INFOPLIST_FILE = FireChat/Info.plist;
				INFOPLIST_KEY_UIApplicationSupportsIndirectInputEvents = YES;
				INFOPLIST_KEY_UILaunchStoryboardName = LaunchScreen;
				INFOPLIST_KEY_UIMainStoryboardFile = Main;
				INFOPLIST_KEY_UISupportedInterfaceOrientations_iPad = "UIInterfaceOrientationPortrait UIInterfaceOrientationPortraitUpsideDown UIInterfaceOrientationLandscapeLeft UIInterfaceOrientationLandscapeRight";
				INFOPLIST_KEY_UISupportedInterfaceOrientations_iPhone = "UIInterfaceOrientationPortrait UIInterfaceOrientationLandscapeLeft UIInterfaceOrientationLandscapeRight";
				LD_RUNPATH_SEARCH_PATHS = (
					"$(inherited)",
					"@executable_path/Frameworks",
				);
				MARKETING_VERSION = 1.0;
				PRODUCT_BUNDLE_IDENTIFIER = com.mihaiG.FireChat;
				PRODUCT_NAME = "$(TARGET_NAME)";
				SWIFT_EMIT_LOC_STRINGS = YES;
				SWIFT_VERSION = 5.0;
				TARGETED_DEVICE_FAMILY = "1,2";
			};
			name = Debug;
		};
		9168E9FE28DB4FB400E7162D /* Release */ = {
			isa = XCBuildConfiguration;
			baseConfigurationReference = ACC35D3B4B6785ED8BD9D87B /* Pods-FireChat.release.xcconfig */;
			buildSettings = {
				ASSETCATALOG_COMPILER_APPICON_NAME = AppIcon;
				ASSETCATALOG_COMPILER_GLOBAL_ACCENT_COLOR_NAME = AccentColor;
				CODE_SIGN_STYLE = Automatic;
				CURRENT_PROJECT_VERSION = 1;
				DEVELOPMENT_TEAM = 5D6XJW6V7P;
				GENERATE_INFOPLIST_FILE = YES;
				INFOPLIST_FILE = FireChat/Info.plist;
				INFOPLIST_KEY_UIApplicationSupportsIndirectInputEvents = YES;
				INFOPLIST_KEY_UILaunchStoryboardName = LaunchScreen;
				INFOPLIST_KEY_UIMainStoryboardFile = Main;
				INFOPLIST_KEY_UISupportedInterfaceOrientations_iPad = "UIInterfaceOrientationPortrait UIInterfaceOrientationPortraitUpsideDown UIInterfaceOrientationLandscapeLeft UIInterfaceOrientationLandscapeRight";
				INFOPLIST_KEY_UISupportedInterfaceOrientations_iPhone = "UIInterfaceOrientationPortrait UIInterfaceOrientationLandscapeLeft UIInterfaceOrientationLandscapeRight";
				LD_RUNPATH_SEARCH_PATHS = (
					"$(inherited)",
					"@executable_path/Frameworks",
				);
				MARKETING_VERSION = 1.0;
				PRODUCT_BUNDLE_IDENTIFIER = com.mihaiG.FireChat;
				PRODUCT_NAME = "$(TARGET_NAME)";
				SWIFT_EMIT_LOC_STRINGS = YES;
				SWIFT_VERSION = 5.0;
				TARGETED_DEVICE_FAMILY = "1,2";
			};
			name = Release;
		};
/* End XCBuildConfiguration section */

/* Begin XCConfigurationList section */
		9168E9E328DB4FB100E7162D /* Build configuration list for PBXProject "FireChat" */ = {
			isa = XCConfigurationList;
			buildConfigurations = (
				9168E9FA28DB4FB400E7162D /* Debug */,
				9168E9FB28DB4FB400E7162D /* Release */,
			);
			defaultConfigurationIsVisible = 0;
			defaultConfigurationName = Release;
		};
		9168E9FC28DB4FB400E7162D /* Build configuration list for PBXNativeTarget "FireChat" */ = {
			isa = XCConfigurationList;
			buildConfigurations = (
				9168E9FD28DB4FB400E7162D /* Debug */,
				9168E9FE28DB4FB400E7162D /* Release */,
			);
			defaultConfigurationIsVisible = 0;
			defaultConfigurationName = Release;
		};
/* End XCConfigurationList section */

/* Begin XCRemoteSwiftPackageReference section */
		9135005728F36EEC00F008E1 /* XCRemoteSwiftPackageReference "firebase-ios-sdk" */ = {
			isa = XCRemoteSwiftPackageReference;
			repositoryURL = "https://github.com/firebase/firebase-ios-sdk";
			requirement = {
				kind = upToNextMajorVersion;
				minimumVersion = 9.0.0;
			};
		};
		9135006828F38DDC00F008E1 /* XCRemoteSwiftPackageReference "IQKeyboardManager" */ = {
			isa = XCRemoteSwiftPackageReference;
			repositoryURL = "https://github.com/hackiftekhar/IQKeyboardManager.git";
			requirement = {
				branch = master;
				kind = branch;
			};
		};
/* End XCRemoteSwiftPackageReference section */

/* Begin XCSwiftPackageProductDependency section */
		9135005828F36EEC00F008E1 /* FirebaseAuth */ = {
			isa = XCSwiftPackageProductDependency;
			package = 9135005728F36EEC00F008E1 /* XCRemoteSwiftPackageReference "firebase-ios-sdk" */;
			productName = FirebaseAuth;
		};
		9135005A28F36EEC00F008E1 /* FirebaseFirestore */ = {
			isa = XCSwiftPackageProductDependency;
			package = 9135005728F36EEC00F008E1 /* XCRemoteSwiftPackageReference "firebase-ios-sdk" */;
			productName = FirebaseFirestore;
		};
		9135006928F38DDC00F008E1 /* IQKeyboardManagerSwift */ = {
			isa = XCSwiftPackageProductDependency;
			package = 9135006828F38DDC00F008E1 /* XCRemoteSwiftPackageReference "IQKeyboardManager" */;
			productName = IQKeyboardManagerSwift;
		};
/* End XCSwiftPackageProductDependency section */
	};
	rootObject = 9168E9E028DB4FB100E7162D /* Project object */;
}
